// !$*UTF8*$!
{
	archiveVersion = 1;
	classes = {
	};
	objectVersion = 55;
	objects = {

/* Begin PBXBuildFile section */
		05467C0A2BC06AC800E85284 /* CustomCellCatalog.swift in Sources */ = {isa = PBXBuildFile; fileRef = 05467C092BC06AC800E85284 /* CustomCellCatalog.swift */; };
		CE4715832BBC4A9100759142 /* AppDelegate.swift in Sources */ = {isa = PBXBuildFile; fileRef = CE4715822BBC4A9100759142 /* AppDelegate.swift */; };
		CE4715852BBC4A9100759142 /* SceneDelegate.swift in Sources */ = {isa = PBXBuildFile; fileRef = CE4715842BBC4A9100759142 /* SceneDelegate.swift */; };
		CE47158A2BBC4A9100759142 /* Main.storyboard in Resources */ = {isa = PBXBuildFile; fileRef = CE4715882BBC4A9100759142 /* Main.storyboard */; };
		CE47158C2BBC4A9300759142 /* Assets.xcassets in Resources */ = {isa = PBXBuildFile; fileRef = CE47158B2BBC4A9300759142 /* Assets.xcassets */; };
		CE47158F2BBC4A9300759142 /* LaunchScreen.storyboard in Resources */ = {isa = PBXBuildFile; fileRef = CE47158D2BBC4A9300759142 /* LaunchScreen.storyboard */; };
		CE4715C32BBC4BA600759142 /* UIViewController+Storyboard.swift in Sources */ = {isa = PBXBuildFile; fileRef = CE47159E2BBC4BA600759142 /* UIViewController+Storyboard.swift */; };
		CE4715C42BBC4BA600759142 /* UIView+Identifier.swift in Sources */ = {isa = PBXBuildFile; fileRef = CE47159F2BBC4BA600759142 /* UIView+Identifier.swift */; };
		CE4715C52BBC4BA600759142 /* DataLoaderService.swift in Sources */ = {isa = PBXBuildFile; fileRef = CE4715A12BBC4BA600759142 /* DataLoaderService.swift */; };
		CE4715C62BBC4BA600759142 /* MainViewController.swift in Sources */ = {isa = PBXBuildFile; fileRef = CE4715A42BBC4BA600759142 /* MainViewController.swift */; };
		CE4715C72BBC4BA600759142 /* TaskItem.swift in Sources */ = {isa = PBXBuildFile; fileRef = CE4715A62BBC4BA600759142 /* TaskItem.swift */; };
		CE4715C82BBC4BA600759142 /* MainModel.swift in Sources */ = {isa = PBXBuildFile; fileRef = CE4715A72BBC4BA600759142 /* MainModel.swift */; };
		CE4715C92BBC4BA600759142 /* MainView.swift in Sources */ = {isa = PBXBuildFile; fileRef = CE4715A82BBC4BA600759142 /* MainView.swift */; };
		CE4715D02BBC4BA600759142 /* CatalogView.swift in Sources */ = {isa = PBXBuildFile; fileRef = CE4715B22BBC4BA600759142 /* CatalogView.swift */; };
		CE4715D12BBC4BA600759142 /* CatalogViewController.swift in Sources */ = {isa = PBXBuildFile; fileRef = CE4715B32BBC4BA600759142 /* CatalogViewController.swift */; };
		CE4715D22BBC4BA600759142 /* CatalogModel.swift in Sources */ = {isa = PBXBuildFile; fileRef = CE4715B42BBC4BA600759142 /* CatalogModel.swift */; };
		CE4715D32BBC4BA600759142 /* FavoriteViewController.swift in Sources */ = {isa = PBXBuildFile; fileRef = CE4715B62BBC4BA600759142 /* FavoriteViewController.swift */; };
		CE4715D42BBC4BA600759142 /* FavoriteModel.swift in Sources */ = {isa = PBXBuildFile; fileRef = CE4715B72BBC4BA600759142 /* FavoriteModel.swift */; };
		CE4715D52BBC4BA600759142 /* FavoriteView.swift in Sources */ = {isa = PBXBuildFile; fileRef = CE4715B82BBC4BA600759142 /* FavoriteView.swift */; };
		CE4715D62BBC4BA600759142 /* InitialModel.swift in Sources */ = {isa = PBXBuildFile; fileRef = CE4715BA2BBC4BA600759142 /* InitialModel.swift */; };
		CE4715D72BBC4BA600759142 /* InitialView.swift in Sources */ = {isa = PBXBuildFile; fileRef = CE4715BB2BBC4BA600759142 /* InitialView.swift */; };
		CE4715D82BBC4BA600759142 /* InitialViewController.swift in Sources */ = {isa = PBXBuildFile; fileRef = CE4715BC2BBC4BA600759142 /* InitialViewController.swift */; };
		CE4715DC2BBC4BA600759142 /* Catalog.swift in Sources */ = {isa = PBXBuildFile; fileRef = CE4715C22BBC4BA600759142 /* Catalog.swift */; };
		CE4715DF2BBC500A00759142 /* Catalog.json in Resources */ = {isa = PBXBuildFile; fileRef = CE4715DE2BBC500A00759142 /* Catalog.json */; };
		CE4715E12BBC57F800759142 /* Favorite.swift in Sources */ = {isa = PBXBuildFile; fileRef = CE4715E02BBC57F800759142 /* Favorite.swift */; };
		CE4715E32BBC6BA700759142 /* LocalStorageService.swift in Sources */ = {isa = PBXBuildFile; fileRef = CE4715E22BBC6BA700759142 /* LocalStorageService.swift */; };
/* End PBXBuildFile section */

/* Begin PBXFileReference section */
		05467C092BC06AC800E85284 /* CustomCellCatalog.swift */ = {isa = PBXFileReference; lastKnownFileType = sourcecode.swift; path = CustomCellCatalog.swift; sourceTree = "<group>"; };
		CE47157F2BBC4A9100759142 /* Lesson13HW.app */ = {isa = PBXFileReference; explicitFileType = wrapper.application; includeInIndex = 0; path = Lesson13HW.app; sourceTree = BUILT_PRODUCTS_DIR; };
		CE4715822BBC4A9100759142 /* AppDelegate.swift */ = {isa = PBXFileReference; lastKnownFileType = sourcecode.swift; path = AppDelegate.swift; sourceTree = "<group>"; };
		CE4715842BBC4A9100759142 /* SceneDelegate.swift */ = {isa = PBXFileReference; lastKnownFileType = sourcecode.swift; path = SceneDelegate.swift; sourceTree = "<group>"; };
		CE4715892BBC4A9100759142 /* Base */ = {isa = PBXFileReference; lastKnownFileType = file.storyboard; name = Base; path = Base.lproj/Main.storyboard; sourceTree = "<group>"; };
		CE47158B2BBC4A9300759142 /* Assets.xcassets */ = {isa = PBXFileReference; lastKnownFileType = folder.assetcatalog; path = Assets.xcassets; sourceTree = "<group>"; };
		CE47158E2BBC4A9300759142 /* Base */ = {isa = PBXFileReference; lastKnownFileType = file.storyboard; name = Base; path = Base.lproj/LaunchScreen.storyboard; sourceTree = "<group>"; };
		CE4715902BBC4A9300759142 /* Info.plist */ = {isa = PBXFileReference; lastKnownFileType = text.plist.xml; path = Info.plist; sourceTree = "<group>"; };
		CE47159E2BBC4BA600759142 /* UIViewController+Storyboard.swift */ = {isa = PBXFileReference; fileEncoding = 4; lastKnownFileType = sourcecode.swift; path = "UIViewController+Storyboard.swift"; sourceTree = "<group>"; };
		CE47159F2BBC4BA600759142 /* UIView+Identifier.swift */ = {isa = PBXFileReference; fileEncoding = 4; lastKnownFileType = sourcecode.swift; path = "UIView+Identifier.swift"; sourceTree = "<group>"; };
		CE4715A12BBC4BA600759142 /* DataLoaderService.swift */ = {isa = PBXFileReference; fileEncoding = 4; lastKnownFileType = sourcecode.swift; path = DataLoaderService.swift; sourceTree = "<group>"; };
		CE4715A42BBC4BA600759142 /* MainViewController.swift */ = {isa = PBXFileReference; fileEncoding = 4; lastKnownFileType = sourcecode.swift; path = MainViewController.swift; sourceTree = "<group>"; };
		CE4715A62BBC4BA600759142 /* TaskItem.swift */ = {isa = PBXFileReference; fileEncoding = 4; lastKnownFileType = sourcecode.swift; path = TaskItem.swift; sourceTree = "<group>"; };
		CE4715A72BBC4BA600759142 /* MainModel.swift */ = {isa = PBXFileReference; fileEncoding = 4; lastKnownFileType = sourcecode.swift; path = MainModel.swift; sourceTree = "<group>"; };
		CE4715A82BBC4BA600759142 /* MainView.swift */ = {isa = PBXFileReference; fileEncoding = 4; lastKnownFileType = sourcecode.swift; path = MainView.swift; sourceTree = "<group>"; };
		CE4715B22BBC4BA600759142 /* CatalogView.swift */ = {isa = PBXFileReference; fileEncoding = 4; lastKnownFileType = sourcecode.swift; path = CatalogView.swift; sourceTree = "<group>"; };
		CE4715B32BBC4BA600759142 /* CatalogViewController.swift */ = {isa = PBXFileReference; fileEncoding = 4; lastKnownFileType = sourcecode.swift; path = CatalogViewController.swift; sourceTree = "<group>"; };
		CE4715B42BBC4BA600759142 /* CatalogModel.swift */ = {isa = PBXFileReference; fileEncoding = 4; lastKnownFileType = sourcecode.swift; path = CatalogModel.swift; sourceTree = "<group>"; };
		CE4715B62BBC4BA600759142 /* FavoriteViewController.swift */ = {isa = PBXFileReference; fileEncoding = 4; lastKnownFileType = sourcecode.swift; path = FavoriteViewController.swift; sourceTree = "<group>"; };
		CE4715B72BBC4BA600759142 /* FavoriteModel.swift */ = {isa = PBXFileReference; fileEncoding = 4; lastKnownFileType = sourcecode.swift; path = FavoriteModel.swift; sourceTree = "<group>"; };
		CE4715B82BBC4BA600759142 /* FavoriteView.swift */ = {isa = PBXFileReference; fileEncoding = 4; lastKnownFileType = sourcecode.swift; path = FavoriteView.swift; sourceTree = "<group>"; };
		CE4715BA2BBC4BA600759142 /* InitialModel.swift */ = {isa = PBXFileReference; fileEncoding = 4; lastKnownFileType = sourcecode.swift; path = InitialModel.swift; sourceTree = "<group>"; };
		CE4715BB2BBC4BA600759142 /* InitialView.swift */ = {isa = PBXFileReference; fileEncoding = 4; lastKnownFileType = sourcecode.swift; path = InitialView.swift; sourceTree = "<group>"; };
		CE4715BC2BBC4BA600759142 /* InitialViewController.swift */ = {isa = PBXFileReference; fileEncoding = 4; lastKnownFileType = sourcecode.swift; path = InitialViewController.swift; sourceTree = "<group>"; };
		CE4715C22BBC4BA600759142 /* Catalog.swift */ = {isa = PBXFileReference; fileEncoding = 4; lastKnownFileType = sourcecode.swift; path = Catalog.swift; sourceTree = "<group>"; };
		CE4715DE2BBC500A00759142 /* Catalog.json */ = {isa = PBXFileReference; fileEncoding = 4; lastKnownFileType = text.json; path = Catalog.json; sourceTree = "<group>"; };
		CE4715E02BBC57F800759142 /* Favorite.swift */ = {isa = PBXFileReference; lastKnownFileType = sourcecode.swift; path = Favorite.swift; sourceTree = "<group>"; };
		CE4715E22BBC6BA700759142 /* LocalStorageService.swift */ = {isa = PBXFileReference; lastKnownFileType = sourcecode.swift; path = LocalStorageService.swift; sourceTree = "<group>"; };
/* End PBXFileReference section */

/* Begin PBXFrameworksBuildPhase section */
		CE47157C2BBC4A9100759142 /* Frameworks */ = {
			isa = PBXFrameworksBuildPhase;
			buildActionMask = 2147483647;
			files = (
			);
			runOnlyForDeploymentPostprocessing = 0;
		};
/* End PBXFrameworksBuildPhase section */

/* Begin PBXGroup section */
		CE4715762BBC4A9100759142 = {
			isa = PBXGroup;
			children = (
				CE4715812BBC4A9100759142 /* Lesson13HW */,
				CE4715802BBC4A9100759142 /* Products */,
			);
			sourceTree = "<group>";
		};
		CE4715802BBC4A9100759142 /* Products */ = {
			isa = PBXGroup;
			children = (
				CE47157F2BBC4A9100759142 /* Lesson13HW.app */,
			);
			name = Products;
			sourceTree = "<group>";
		};
		CE4715812BBC4A9100759142 /* Lesson13HW */ = {
			isa = PBXGroup;
			children = (
				CE4715962BBC4AAE00759142 /* Source */,
				CE4715972BBC4AC300759142 /* Resource */,
			);
			path = Lesson13HW;
			sourceTree = "<group>";
		};
		CE4715962BBC4AAE00759142 /* Source */ = {
			isa = PBXGroup;
			children = (
				CE4715982BBC4ACD00759142 /* AppDelegate */,
				CE4715C12BBC4BA600759142 /* Common */,
				CE47159D2BBC4BA600759142 /* Extension */,
				CE4715A22BBC4BA600759142 /* Module */,
				CE4715A02BBC4BA600759142 /* Service */,
			);
			path = Source;
			sourceTree = "<group>";
		};
		CE4715972BBC4AC300759142 /* Resource */ = {
			isa = PBXGroup;
			children = (
				CE4715DD2BBC500A00759142 /* Json */,
				CE47159C2BBC4B1800759142 /* Storyboard */,
				CE47159B2BBC4B0A00759142 /* Asset */,
				CE47159A2BBC4B0200759142 /* Plist */,
			);
			path = Resource;
			sourceTree = "<group>";
		};
		CE4715982BBC4ACD00759142 /* AppDelegate */ = {
			isa = PBXGroup;
			children = (
				CE4715822BBC4A9100759142 /* AppDelegate.swift */,
				CE4715842BBC4A9100759142 /* SceneDelegate.swift */,
			);
			path = AppDelegate;
			sourceTree = "<group>";
		};
		CE47159A2BBC4B0200759142 /* Plist */ = {
			isa = PBXGroup;
			children = (
				CE4715902BBC4A9300759142 /* Info.plist */,
			);
			path = Plist;
			sourceTree = "<group>";
		};
		CE47159B2BBC4B0A00759142 /* Asset */ = {
			isa = PBXGroup;
			children = (
				CE47158B2BBC4A9300759142 /* Assets.xcassets */,
			);
			path = Asset;
			sourceTree = "<group>";
		};
		CE47159C2BBC4B1800759142 /* Storyboard */ = {
			isa = PBXGroup;
			children = (
				CE4715882BBC4A9100759142 /* Main.storyboard */,
				CE47158D2BBC4A9300759142 /* LaunchScreen.storyboard */,
			);
			path = Storyboard;
			sourceTree = "<group>";
		};
		CE47159D2BBC4BA600759142 /* Extension */ = {
			isa = PBXGroup;
			children = (
				CE47159E2BBC4BA600759142 /* UIViewController+Storyboard.swift */,
				CE47159F2BBC4BA600759142 /* UIView+Identifier.swift */,
			);
			path = Extension;
			sourceTree = "<group>";
		};
		CE4715A02BBC4BA600759142 /* Service */ = {
			isa = PBXGroup;
			children = (
				CE4715A12BBC4BA600759142 /* DataLoaderService.swift */,
				CE4715E22BBC6BA700759142 /* LocalStorageService.swift */,
			);
			path = Service;
			sourceTree = "<group>";
		};
		CE4715A22BBC4BA600759142 /* Module */ = {
			isa = PBXGroup;
			children = (
				CE4715B92BBC4BA600759142 /* InitialScreen */,
				CE4715A32BBC4BA600759142 /* MainScreen */,
				CE4715B12BBC4BA600759142 /* CatalogScreen */,
				CE4715B52BBC4BA600759142 /* FavoriteScreen */,
			);
			path = Module;
			sourceTree = "<group>";
		};
		CE4715A32BBC4BA600759142 /* MainScreen */ = {
			isa = PBXGroup;
			children = (
				CE4715A52BBC4BA600759142 /* Models */,
				CE4715A42BBC4BA600759142 /* MainViewController.swift */,
				CE4715A72BBC4BA600759142 /* MainModel.swift */,
				CE4715A82BBC4BA600759142 /* MainView.swift */,
			);
			path = MainScreen;
			sourceTree = "<group>";
		};
		CE4715A52BBC4BA600759142 /* Models */ = {
			isa = PBXGroup;
			children = (
				CE4715A62BBC4BA600759142 /* TaskItem.swift */,
			);
			path = Models;
			sourceTree = "<group>";
		};
		CE4715B12BBC4BA600759142 /* CatalogScreen */ = {
			isa = PBXGroup;
			children = (
				CE4715B22BBC4BA600759142 /* CatalogView.swift */,
				05467C092BC06AC800E85284 /* CustomCellCatalog.swift */,
				CE4715B32BBC4BA600759142 /* CatalogViewController.swift */,
				CE4715B42BBC4BA600759142 /* CatalogModel.swift */,
			);
			path = CatalogScreen;
			sourceTree = "<group>";
		};
		CE4715B52BBC4BA600759142 /* FavoriteScreen */ = {
			isa = PBXGroup;
			children = (
				CE4715B62BBC4BA600759142 /* FavoriteViewController.swift */,
				CE4715B72BBC4BA600759142 /* FavoriteModel.swift */,
				CE4715B82BBC4BA600759142 /* FavoriteView.swift */,
			);
			path = FavoriteScreen;
			sourceTree = "<group>";
		};
		CE4715B92BBC4BA600759142 /* InitialScreen */ = {
			isa = PBXGroup;
			children = (
				CE4715BA2BBC4BA600759142 /* InitialModel.swift */,
				CE4715BB2BBC4BA600759142 /* InitialView.swift */,
				CE4715BC2BBC4BA600759142 /* InitialViewController.swift */,
			);
			path = InitialScreen;
			sourceTree = "<group>";
		};
		CE4715C12BBC4BA600759142 /* Common */ = {
			isa = PBXGroup;
			children = (
				CE4715C22BBC4BA600759142 /* Catalog.swift */,
				CE4715E02BBC57F800759142 /* Favorite.swift */,
			);
			path = Common;
			sourceTree = "<group>";
		};
		CE4715DD2BBC500A00759142 /* Json */ = {
			isa = PBXGroup;
			children = (
				CE4715DE2BBC500A00759142 /* Catalog.json */,
			);
			path = Json;
			sourceTree = "<group>";
		};
/* End PBXGroup section */

/* Begin PBXNativeTarget section */
		CE47157E2BBC4A9100759142 /* Lesson13HW */ = {
			isa = PBXNativeTarget;
			buildConfigurationList = CE4715932BBC4A9300759142 /* Build configuration list for PBXNativeTarget "Lesson13HW" */;
			buildPhases = (
				CE47157B2BBC4A9100759142 /* Sources */,
				CE47157C2BBC4A9100759142 /* Frameworks */,
				CE47157D2BBC4A9100759142 /* Resources */,
			);
			buildRules = (
			);
			dependencies = (
			);
			name = Lesson13HW;
			productName = Lesson13HW;
			productReference = CE47157F2BBC4A9100759142 /* Lesson13HW.app */;
			productType = "com.apple.product-type.application";
		};
/* End PBXNativeTarget section */

/* Begin PBXProject section */
		CE4715772BBC4A9100759142 /* Project object */ = {
			isa = PBXProject;
			attributes = {
				BuildIndependentTargetsInParallel = 1;
				LastSwiftUpdateCheck = 1500;
				LastUpgradeCheck = 1500;
				TargetAttributes = {
					CE47157E2BBC4A9100759142 = {
						CreatedOnToolsVersion = 15.0;
					};
				};
			};
			buildConfigurationList = CE47157A2BBC4A9100759142 /* Build configuration list for PBXProject "Lesson13HW" */;
			compatibilityVersion = "Xcode 13.0";
			developmentRegion = en;
			hasScannedForEncodings = 0;
			knownRegions = (
				en,
				Base,
			);
			mainGroup = CE4715762BBC4A9100759142;
			productRefGroup = CE4715802BBC4A9100759142 /* Products */;
			projectDirPath = "";
			projectRoot = "";
			targets = (
				CE47157E2BBC4A9100759142 /* Lesson13HW */,
			);
		};
/* End PBXProject section */

/* Begin PBXResourcesBuildPhase section */
		CE47157D2BBC4A9100759142 /* Resources */ = {
			isa = PBXResourcesBuildPhase;
			buildActionMask = 2147483647;
			files = (
				CE47158F2BBC4A9300759142 /* LaunchScreen.storyboard in Resources */,
				CE47158C2BBC4A9300759142 /* Assets.xcassets in Resources */,
				CE47158A2BBC4A9100759142 /* Main.storyboard in Resources */,
				CE4715DF2BBC500A00759142 /* Catalog.json in Resources */,
			);
			runOnlyForDeploymentPostprocessing = 0;
		};
/* End PBXResourcesBuildPhase section */

/* Begin PBXSourcesBuildPhase section */
		CE47157B2BBC4A9100759142 /* Sources */ = {
			isa = PBXSourcesBuildPhase;
			buildActionMask = 2147483647;
			files = (
				CE4715C62BBC4BA600759142 /* MainViewController.swift in Sources */,
				CE4715C42BBC4BA600759142 /* UIView+Identifier.swift in Sources */,
				CE4715D52BBC4BA600759142 /* FavoriteView.swift in Sources */,
				CE4715C92BBC4BA600759142 /* MainView.swift in Sources */,
				05467C0A2BC06AC800E85284 /* CustomCellCatalog.swift in Sources */,
				CE4715E32BBC6BA700759142 /* LocalStorageService.swift in Sources */,
				CE4715D22BBC4BA600759142 /* CatalogModel.swift in Sources */,
				CE4715E12BBC57F800759142 /* Favorite.swift in Sources */,
				CE4715D62BBC4BA600759142 /* InitialModel.swift in Sources */,
				CE4715D32BBC4BA600759142 /* FavoriteViewController.swift in Sources */,
				CE4715D72BBC4BA600759142 /* InitialView.swift in Sources */,
				CE4715D12BBC4BA600759142 /* CatalogViewController.swift in Sources */,
				CE4715D42BBC4BA600759142 /* FavoriteModel.swift in Sources */,
				CE4715C72BBC4BA600759142 /* TaskItem.swift in Sources */,
				CE4715832BBC4A9100759142 /* AppDelegate.swift in Sources */,
				CE4715C82BBC4BA600759142 /* MainModel.swift in Sources */,
				CE4715D02BBC4BA600759142 /* CatalogView.swift in Sources */,
				CE4715DC2BBC4BA600759142 /* Catalog.swift in Sources */,
				CE4715852BBC4A9100759142 /* SceneDelegate.swift in Sources */,
				CE4715C52BBC4BA600759142 /* DataLoaderService.swift in Sources */,
				CE4715D82BBC4BA600759142 /* InitialViewController.swift in Sources */,
				CE4715C32BBC4BA600759142 /* UIViewController+Storyboard.swift in Sources */,
			);
			runOnlyForDeploymentPostprocessing = 0;
		};
/* End PBXSourcesBuildPhase section */

/* Begin PBXVariantGroup section */
		CE4715882BBC4A9100759142 /* Main.storyboard */ = {
			isa = PBXVariantGroup;
			children = (
				CE4715892BBC4A9100759142 /* Base */,
			);
			name = Main.storyboard;
			sourceTree = "<group>";
		};
		CE47158D2BBC4A9300759142 /* LaunchScreen.storyboard */ = {
			isa = PBXVariantGroup;
			children = (
				CE47158E2BBC4A9300759142 /* Base */,
			);
			name = LaunchScreen.storyboard;
			sourceTree = "<group>";
		};
/* End PBXVariantGroup section */

/* Begin XCBuildConfiguration section */
		CE4715912BBC4A9300759142 /* Debug */ = {
			isa = XCBuildConfiguration;
			buildSettings = {
				ALWAYS_SEARCH_USER_PATHS = NO;
				ASSETCATALOG_COMPILER_GENERATE_SWIFT_ASSET_SYMBOL_EXTENSIONS = YES;
				CLANG_ANALYZER_NONNULL = YES;
				CLANG_ANALYZER_NUMBER_OBJECT_CONVERSION = YES_AGGRESSIVE;
				CLANG_CXX_LANGUAGE_STANDARD = "gnu++20";
				CLANG_ENABLE_MODULES = YES;
				CLANG_ENABLE_OBJC_ARC = YES;
				CLANG_ENABLE_OBJC_WEAK = YES;
				CLANG_WARN_BLOCK_CAPTURE_AUTORELEASING = YES;
				CLANG_WARN_BOOL_CONVERSION = YES;
				CLANG_WARN_COMMA = YES;
				CLANG_WARN_CONSTANT_CONVERSION = YES;
				CLANG_WARN_DEPRECATED_OBJC_IMPLEMENTATIONS = YES;
				CLANG_WARN_DIRECT_OBJC_ISA_USAGE = YES_ERROR;
				CLANG_WARN_DOCUMENTATION_COMMENTS = YES;
				CLANG_WARN_EMPTY_BODY = YES;
				CLANG_WARN_ENUM_CONVERSION = YES;
				CLANG_WARN_INFINITE_RECURSION = YES;
				CLANG_WARN_INT_CONVERSION = YES;
				CLANG_WARN_NON_LITERAL_NULL_CONVERSION = YES;
				CLANG_WARN_OBJC_IMPLICIT_RETAIN_SELF = YES;
				CLANG_WARN_OBJC_LITERAL_CONVERSION = YES;
				CLANG_WARN_OBJC_ROOT_CLASS = YES_ERROR;
				CLANG_WARN_QUOTED_INCLUDE_IN_FRAMEWORK_HEADER = YES;
				CLANG_WARN_RANGE_LOOP_ANALYSIS = YES;
				CLANG_WARN_STRICT_PROTOTYPES = YES;
				CLANG_WARN_SUSPICIOUS_MOVE = YES;
				CLANG_WARN_UNGUARDED_AVAILABILITY = YES_AGGRESSIVE;
				CLANG_WARN_UNREACHABLE_CODE = YES;
				CLANG_WARN__DUPLICATE_METHOD_MATCH = YES;
				COPY_PHASE_STRIP = NO;
				DEBUG_INFORMATION_FORMAT = dwarf;
				ENABLE_STRICT_OBJC_MSGSEND = YES;
				ENABLE_TESTABILITY = YES;
				ENABLE_USER_SCRIPT_SANDBOXING = YES;
				GCC_C_LANGUAGE_STANDARD = gnu17;
				GCC_DYNAMIC_NO_PIC = NO;
				GCC_NO_COMMON_BLOCKS = YES;
				GCC_OPTIMIZATION_LEVEL = 0;
				GCC_PREPROCESSOR_DEFINITIONS = (
					"DEBUG=1",
					"$(inherited)",
				);
				GCC_WARN_64_TO_32_BIT_CONVERSION = YES;
				GCC_WARN_ABOUT_RETURN_TYPE = YES_ERROR;
				GCC_WARN_UNDECLARED_SELECTOR = YES;
				GCC_WARN_UNINITIALIZED_AUTOS = YES_AGGRESSIVE;
				GCC_WARN_UNUSED_FUNCTION = YES;
				GCC_WARN_UNUSED_VARIABLE = YES;
				IPHONEOS_DEPLOYMENT_TARGET = 15.0;
				LOCALIZATION_PREFERS_STRING_CATALOGS = YES;
				MTL_ENABLE_DEBUG_INFO = INCLUDE_SOURCE;
				MTL_FAST_MATH = YES;
				ONLY_ACTIVE_ARCH = YES;
				SDKROOT = iphoneos;
				SWIFT_ACTIVE_COMPILATION_CONDITIONS = "DEBUG $(inherited)";
				SWIFT_OPTIMIZATION_LEVEL = "-Onone";
			};
			name = Debug;
		};
		CE4715922BBC4A9300759142 /* Release */ = {
			isa = XCBuildConfiguration;
			buildSettings = {
				ALWAYS_SEARCH_USER_PATHS = NO;
				ASSETCATALOG_COMPILER_GENERATE_SWIFT_ASSET_SYMBOL_EXTENSIONS = YES;
				CLANG_ANALYZER_NONNULL = YES;
				CLANG_ANALYZER_NUMBER_OBJECT_CONVERSION = YES_AGGRESSIVE;
				CLANG_CXX_LANGUAGE_STANDARD = "gnu++20";
				CLANG_ENABLE_MODULES = YES;
				CLANG_ENABLE_OBJC_ARC = YES;
				CLANG_ENABLE_OBJC_WEAK = YES;
				CLANG_WARN_BLOCK_CAPTURE_AUTORELEASING = YES;
				CLANG_WARN_BOOL_CONVERSION = YES;
				CLANG_WARN_COMMA = YES;
				CLANG_WARN_CONSTANT_CONVERSION = YES;
				CLANG_WARN_DEPRECATED_OBJC_IMPLEMENTATIONS = YES;
				CLANG_WARN_DIRECT_OBJC_ISA_USAGE = YES_ERROR;
				CLANG_WARN_DOCUMENTATION_COMMENTS = YES;
				CLANG_WARN_EMPTY_BODY = YES;
				CLANG_WARN_ENUM_CONVERSION = YES;
				CLANG_WARN_INFINITE_RECURSION = YES;
				CLANG_WARN_INT_CONVERSION = YES;
				CLANG_WARN_NON_LITERAL_NULL_CONVERSION = YES;
				CLANG_WARN_OBJC_IMPLICIT_RETAIN_SELF = YES;
				CLANG_WARN_OBJC_LITERAL_CONVERSION = YES;
				CLANG_WARN_OBJC_ROOT_CLASS = YES_ERROR;
				CLANG_WARN_QUOTED_INCLUDE_IN_FRAMEWORK_HEADER = YES;
				CLANG_WARN_RANGE_LOOP_ANALYSIS = YES;
				CLANG_WARN_STRICT_PROTOTYPES = YES;
				CLANG_WARN_SUSPICIOUS_MOVE = YES;
				CLANG_WARN_UNGUARDED_AVAILABILITY = YES_AGGRESSIVE;
				CLANG_WARN_UNREACHABLE_CODE = YES;
				CLANG_WARN__DUPLICATE_METHOD_MATCH = YES;
				COPY_PHASE_STRIP = NO;
				DEBUG_INFORMATION_FORMAT = "dwarf-with-dsym";
				ENABLE_NS_ASSERTIONS = NO;
				ENABLE_STRICT_OBJC_MSGSEND = YES;
				ENABLE_USER_SCRIPT_SANDBOXING = YES;
				GCC_C_LANGUAGE_STANDARD = gnu17;
				GCC_NO_COMMON_BLOCKS = YES;
				GCC_WARN_64_TO_32_BIT_CONVERSION = YES;
				GCC_WARN_ABOUT_RETURN_TYPE = YES_ERROR;
				GCC_WARN_UNDECLARED_SELECTOR = YES;
				GCC_WARN_UNINITIALIZED_AUTOS = YES_AGGRESSIVE;
				GCC_WARN_UNUSED_FUNCTION = YES;
				GCC_WARN_UNUSED_VARIABLE = YES;
				IPHONEOS_DEPLOYMENT_TARGET = 15.0;
				LOCALIZATION_PREFERS_STRING_CATALOGS = YES;
				MTL_ENABLE_DEBUG_INFO = NO;
				MTL_FAST_MATH = YES;
				SDKROOT = iphoneos;
				SWIFT_COMPILATION_MODE = wholemodule;
				VALIDATE_PRODUCT = YES;
			};
			name = Release;
		};
		CE4715942BBC4A9300759142 /* Debug */ = {
			isa = XCBuildConfiguration;
			buildSettings = {
				ASSETCATALOG_COMPILER_APPICON_NAME = AppIcon;
				ASSETCATALOG_COMPILER_GLOBAL_ACCENT_COLOR_NAME = AccentColor;
				CODE_SIGN_STYLE = Automatic;
				CURRENT_PROJECT_VERSION = 1;
				DEVELOPMENT_TEAM = 73R9GZLZRC;
				GENERATE_INFOPLIST_FILE = YES;
				INFOPLIST_FILE = Lesson13HW/Resource/Plist/Info.plist;
				INFOPLIST_KEY_UIApplicationSupportsIndirectInputEvents = YES;
				INFOPLIST_KEY_UILaunchStoryboardName = LaunchScreen;
				INFOPLIST_KEY_UIMainStoryboardFile = Main;
				INFOPLIST_KEY_UISupportedInterfaceOrientations_iPad = "UIInterfaceOrientationPortrait UIInterfaceOrientationPortraitUpsideDown UIInterfaceOrientationLandscapeLeft UIInterfaceOrientationLandscapeRight";
				INFOPLIST_KEY_UISupportedInterfaceOrientations_iPhone = "UIInterfaceOrientationPortrait UIInterfaceOrientationLandscapeLeft UIInterfaceOrientationLandscapeRight";
				IPHONEOS_DEPLOYMENT_TARGET = 15.0;
				LD_RUNPATH_SEARCH_PATHS = (
					"$(inherited)",
					"@executable_path/Frameworks",
				);
				MARKETING_VERSION = 1.0;
				PRODUCT_BUNDLE_IDENTIFIER = "Vint-Rock.Lesson13HW";
				PRODUCT_NAME = "$(TARGET_NAME)";
				SUPPORTED_PLATFORMS = "iphoneos iphonesimulator";
				SUPPORTS_MACCATALYST = NO;
				SUPPORTS_MAC_DESIGNED_FOR_IPHONE_IPAD = NO;
				SWIFT_EMIT_LOC_STRINGS = YES;
				SWIFT_VERSION = 5.0;
				TARGETED_DEVICE_FAMILY = 1;
			};
			name = Debug;
		};
		CE4715952BBC4A9300759142 /* Release */ = {
			isa = XCBuildConfiguration;
			buildSettings = {
				ASSETCATALOG_COMPILER_APPICON_NAME = AppIcon;
				ASSETCATALOG_COMPILER_GLOBAL_ACCENT_COLOR_NAME = AccentColor;
				CODE_SIGN_STYLE = Automatic;
				CURRENT_PROJECT_VERSION = 1;
				DEVELOPMENT_TEAM = 73R9GZLZRC;
				GENERATE_INFOPLIST_FILE = YES;
				INFOPLIST_FILE = Lesson13HW/Resource/Plist/Info.plist;
				INFOPLIST_KEY_UIApplicationSupportsIndirectInputEvents = YES;
				INFOPLIST_KEY_UILaunchStoryboardName = LaunchScreen;
				INFOPLIST_KEY_UIMainStoryboardFile = Main;
				INFOPLIST_KEY_UISupportedInterfaceOrientations_iPad = "UIInterfaceOrientationPortrait UIInterfaceOrientationPortraitUpsideDown UIInterfaceOrientationLandscapeLeft UIInterfaceOrientationLandscapeRight";
				INFOPLIST_KEY_UISupportedInterfaceOrientations_iPhone = "UIInterfaceOrientationPortrait UIInterfaceOrientationLandscapeLeft UIInterfaceOrientationLandscapeRight";
				IPHONEOS_DEPLOYMENT_TARGET = 15.0;
				LD_RUNPATH_SEARCH_PATHS = (
					"$(inherited)",
					"@executable_path/Frameworks",
				);
				MARKETING_VERSION = 1.0;
				PRODUCT_BUNDLE_IDENTIFIER = "Vint-Rock.Lesson13HW";
				PRODUCT_NAME = "$(TARGET_NAME)";
				SUPPORTED_PLATFORMS = "iphoneos iphonesimulator";
				SUPPORTS_MACCATALYST = NO;
				SUPPORTS_MAC_DESIGNED_FOR_IPHONE_IPAD = NO;
				SWIFT_EMIT_LOC_STRINGS = YES;
				SWIFT_VERSION = 5.0;
				TARGETED_DEVICE_FAMILY = 1;
			};
			name = Release;
		};
/* End XCBuildConfiguration section */

/* Begin XCConfigurationList section */
		CE47157A2BBC4A9100759142 /* Build configuration list for PBXProject "Lesson13HW" */ = {
			isa = XCConfigurationList;
			buildConfigurations = (
				CE4715912BBC4A9300759142 /* Debug */,
				CE4715922BBC4A9300759142 /* Release */,
			);
			defaultConfigurationIsVisible = 0;
			defaultConfigurationName = Release;
		};
		CE4715932BBC4A9300759142 /* Build configuration list for PBXNativeTarget "Lesson13HW" */ = {
			isa = XCConfigurationList;
			buildConfigurations = (
				CE4715942BBC4A9300759142 /* Debug */,
				CE4715952BBC4A9300759142 /* Release */,
			);
			defaultConfigurationIsVisible = 0;
			defaultConfigurationName = Release;
		};
/* End XCConfigurationList section */
	};
	rootObject = CE4715772BBC4A9100759142 /* Project object */;
}
